# This file was autogenerated by Stack.
# You should not edit this file by hand.
# For more information, please see the documentation at:
#   https://docs.haskellstack.org/en/stable/lock_files

packages:
- completed:
    hackage: hashable-1.3.5.0@sha256:3a2beeafb220f9de706568a7e4a5b3c762cc4c9f25c94d7ef795b8c2d6a691d7,4240
    pantry-tree:
      size: 1248
      sha256: 4df2f6b536a0fcc5f7d562cb29e373f27dc4a2747452ac5cc74c1599cab22fc5
  original:
    hackage: hashable-1.3.5.0
- completed:
    name: rest-rewrite
    version: 0.2.1
    git: https://github.com/ConnorBaker/rest
    pantry-tree:
      size: 4370
      sha256: 3a975d7c51ac3bf743c5375051264b3f92afc39a3e825860711c1e4418fb4674
    commit: 28890b264fde96bed89935d6f10a3acc203ab846
  original:
    git: https://github.com/ConnorBaker/rest
    commit: 28890b264fde96bed89935d6f10a3acc203ab846
snapshots:
- completed:
    size: 590100
    url: https://raw.githubusercontent.com/commercialhaskell/stackage-snapshots/master/lts/18/28.yaml
    sha256: 428ec8d5ce932190d3cbe266b9eb3c175cd81e984babf876b64019e2cbe4ea68
  original: lts-18.28
